
Microsoft Visual Studio Solution File, Format Version 12.00
# Visual Studio 15
VisualStudioVersion = 15.0.28307.572
MinimumVisualStudioVersion = 10.0.40219.1
Project("{FAE04EC0-301F-11D3-BF4B-00C04F79EFBC}") = "MscrmTools.EmailAnonymizer", "MscrmTools.EmailAnonymizer\MscrmTools.EmailAnonymizer.csproj", "{F4907623-0F70-4392-BEAB-91CC4A303CE8}"
EndProject
Global
	GlobalSection(SolutionConfigurationPlatforms) = preSolution
		Debug|Any CPU = Debug|Any CPU
		Release|Any CPU = Release|Any CPU
	EndGlobalSection
	GlobalSection(ProjectConfigurationPlatforms) = postSolution
		{F4907623-0F70-4392-BEAB-91CC4A303CE8}.Debug|Any CPU.ActiveCfg = Debug|Any CPU
		{F4907623-0F70-4392-BEAB-91CC4A303CE8}.Debug|Any CPU.Build.0 = Debug|Any CPU
		{F4907623-0F70-4392-BEAB-91CC4A303CE8}.Release|Any CPU.ActiveCfg = Release|Any CPU
		{F4907623-0F70-4392-BEAB-91CC4A303CE8}.Release|Any CPU.Build.0 = Release|Any CPU
	EndGlobalSection
	GlobalSection(SolutionProperties) = preSolution
		HideSolutionNode = FALSE
	EndGlobalSection
	GlobalSection(ExtensibilityGlobals) = postSolution
		SolutionGuid = {293C4A4E-6B6F-4152-9D2B-9ECE93A539C7}
	EndGlobalSection
EndGlobal
